
Microsoft Visual Studio Solution File, Format Version 12.00
# Visual Studio 15
VisualStudioVersion = 15.0.28307.1231
MinimumVisualStudioVersion = 10.0.40219.1
Project("{FAE04EC0-301F-11D3-BF4B-00C04F79EFBC}") = "ByteBank.SistemaAgencia", "ByteBank.SistemaAgencia\ByteBank.SistemaAgencia.csproj", "{DA43CEB5-3BB3-4733-AD09-E84C86E2D584}"
EndProject
Project("{FAE04EC0-301F-11D3-BF4B-00C04F79EFBC}") = "ByteBank.Modelos", "ByteBank.Modelos\ByteBank.Modelos.csproj", "{1C82F87F-177C-475E-8779-6DE1E4A82DD6}"
EndProject
Global
	GlobalSection(SolutionConfigurationPlatforms) = preSolution
		Debug|Any CPU = Debug|Any CPU
		Release|Any CPU = Release|Any CPU
	EndGlobalSection
	GlobalSection(ProjectConfigurationPlatforms) = postSolution
		{DA43CEB5-3BB3-4733-AD09-E84C86E2D584}.Debug|Any CPU.ActiveCfg = Debug|Any CPU
		{DA43CEB5-3BB3-4733-AD09-E84C86E2D584}.Debug|Any CPU.Build.0 = Debug|Any CPU
		{DA43CEB5-3BB3-4733-AD09-E84C86E2D584}.Release|Any CPU.ActiveCfg = Release|Any CPU
		{DA43CEB5-3BB3-4733-AD09-E84C86E2D584}.Release|Any CPU.Build.0 = Release|Any CPU
		{1C82F87F-177C-475E-8779-6DE1E4A82DD6}.Debug|Any CPU.ActiveCfg = Debug|Any CPU
		{1C82F87F-177C-475E-8779-6DE1E4A82DD6}.Debug|Any CPU.Build.0 = Debug|Any CPU
		{1C82F87F-177C-475E-8779-6DE1E4A82DD6}.Release|Any CPU.ActiveCfg = Release|Any CPU
		{1C82F87F-177C-475E-8779-6DE1E4A82DD6}.Release|Any CPU.Build.0 = Release|Any CPU
	EndGlobalSection
	GlobalSection(SolutionProperties) = preSolution
		HideSolutionNode = FALSE
	EndGlobalSection
	GlobalSection(ExtensibilityGlobals) = postSolution
		SolutionGuid = {939C3259-9DA1-4442-875B-83C1244B9FD8}
	EndGlobalSection
EndGlobal
